
Microsoft Visual Studio Solution File, Format Version 12.00
# Visual Studio 2012
Project("{FAE04EC0-301F-11D3-BF4B-00C04F79EFBC}") = "StringExtensions", "StringExtensions\StringExtensions.csproj", "{AA671245-6258-460C-A9EB-F2373ED348E7}"
EndProject
Project("{2150E333-8FDC-42A3-9474-1A3956D46DE8}") = "Solution Items", "Solution Items", "{1F962AF5-7D9B-4C96-9EDD-A30041249410}"
	ProjectSection(SolutionItems) = preProject
		LICENSE = LICENSE
	EndProjectSection
EndProject
Global
	GlobalSection(SolutionConfigurationPlatforms) = preSolution
		Debug|Any CPU = Debug|Any CPU
		Release|Any CPU = Release|Any CPU
	EndGlobalSection
	GlobalSection(ProjectConfigurationPlatforms) = postSolution
		{AA671245-6258-460C-A9EB-F2373ED348E7}.Debug|Any CPU.ActiveCfg = Debug|Any CPU
		{AA671245-6258-460C-A9EB-F2373ED348E7}.Debug|Any CPU.Build.0 = Debug|Any CPU
		{AA671245-6258-460C-A9EB-F2373ED348E7}.Release|Any CPU.ActiveCfg = Release|Any CPU
		{AA671245-6258-460C-A9EB-F2373ED348E7}.Release|Any CPU.Build.0 = Release|Any CPU
	EndGlobalSection
	GlobalSection(MonoDevelopProperties) = preSolution
		Policies = $0
		$0.TextStylePolicy = $1
		$1.inheritsSet = null
		$1.scope = text/x-csharp
		$0.CSharpFormattingPolicy = $2
		$2.NewLinesForBracesInMethods = False
		$2.SpacingAfterMethodDeclarationName = False
		$2.SpaceAfterMethodCallName = False
		$2.inheritsSet = Mono
		$2.inheritsScope = text/x-csharp
		$2.scope = text/x-csharp
	EndGlobalSection
EndGlobal
